
Microsoft Visual Studio Solution File, Format Version 12.00
# Visual Studio Version 17
VisualStudioVersion = 17.9.34728.123
MinimumVisualStudioVersion = 10.0.40219.1
Project("{FAE04EC0-301F-11D3-BF4B-00C04F79EFBC}") = "StudentPerformanceData", "StudentPerformanceData\StudentPerformanceData.csproj", "{FC8ED45D-E365-47BB-A51C-FB9C08B6945E}"
EndProject
Project("{FAE04EC0-301F-11D3-BF4B-00C04F79EFBC}") = "StudentPerformance.Entity", "StudentPerformance.Entity\StudentPerformance.Entity.csproj", "{027FA588-AFB6-4218-BC84-B137A3AF132C}"
EndProject
Project("{FAE04EC0-301F-11D3-BF4B-00C04F79EFBC}") = "StudentPerformance.Repository", "StudentPerformance.Repository\StudentPerformance.Repository.csproj", "{4C80598D-276A-4533-878E-7D1695F209A9}"
EndProject
Project("{FAE04EC0-301F-11D3-BF4B-00C04F79EFBC}") = "StudentPerformance.ViewModel", "StudentPerformance.ViewModel\StudentPerformance.ViewModel.csproj", "{2CB6ED74-F6C2-44CC-873B-00B809FDB65F}"
EndProject
Project("{FAE04EC0-301F-11D3-BF4B-00C04F79EFBC}") = "StudentPerformance.Business", "StudentPerformance.Business\StudentPerformance.Business.csproj", "{9EBD0525-321D-4DB2-BAF1-D6C518AF6256}"
EndProject
Global
	GlobalSection(SolutionConfigurationPlatforms) = preSolution
		Debug|Any CPU = Debug|Any CPU
		Release|Any CPU = Release|Any CPU
	EndGlobalSection
	GlobalSection(ProjectConfigurationPlatforms) = postSolution
		{FC8ED45D-E365-47BB-A51C-FB9C08B6945E}.Debug|Any CPU.ActiveCfg = Debug|Any CPU
		{FC8ED45D-E365-47BB-A51C-FB9C08B6945E}.Debug|Any CPU.Build.0 = Debug|Any CPU
		{FC8ED45D-E365-47BB-A51C-FB9C08B6945E}.Release|Any CPU.ActiveCfg = Release|Any CPU
		{FC8ED45D-E365-47BB-A51C-FB9C08B6945E}.Release|Any CPU.Build.0 = Release|Any CPU
		{027FA588-AFB6-4218-BC84-B137A3AF132C}.Debug|Any CPU.ActiveCfg = Debug|Any CPU
		{027FA588-AFB6-4218-BC84-B137A3AF132C}.Debug|Any CPU.Build.0 = Debug|Any CPU
		{027FA588-AFB6-4218-BC84-B137A3AF132C}.Release|Any CPU.ActiveCfg = Release|Any CPU
		{027FA588-AFB6-4218-BC84-B137A3AF132C}.Release|Any CPU.Build.0 = Release|Any CPU
		{4C80598D-276A-4533-878E-7D1695F209A9}.Debug|Any CPU.ActiveCfg = Debug|Any CPU
		{4C80598D-276A-4533-878E-7D1695F209A9}.Debug|Any CPU.Build.0 = Debug|Any CPU
		{4C80598D-276A-4533-878E-7D1695F209A9}.Release|Any CPU.ActiveCfg = Release|Any CPU
		{4C80598D-276A-4533-878E-7D1695F209A9}.Release|Any CPU.Build.0 = Release|Any CPU
		{2CB6ED74-F6C2-44CC-873B-00B809FDB65F}.Debug|Any CPU.ActiveCfg = Debug|Any CPU
		{2CB6ED74-F6C2-44CC-873B-00B809FDB65F}.Debug|Any CPU.Build.0 = Debug|Any CPU
		{2CB6ED74-F6C2-44CC-873B-00B809FDB65F}.Release|Any CPU.ActiveCfg = Release|Any CPU
		{2CB6ED74-F6C2-44CC-873B-00B809FDB65F}.Release|Any CPU.Build.0 = Release|Any CPU
		{9EBD0525-321D-4DB2-BAF1-D6C518AF6256}.Debug|Any CPU.ActiveCfg = Debug|Any CPU
		{9EBD0525-321D-4DB2-BAF1-D6C518AF6256}.Debug|Any CPU.Build.0 = Debug|Any CPU
		{9EBD0525-321D-4DB2-BAF1-D6C518AF6256}.Release|Any CPU.ActiveCfg = Release|Any CPU
		{9EBD0525-321D-4DB2-BAF1-D6C518AF6256}.Release|Any CPU.Build.0 = Release|Any CPU
	EndGlobalSection
	GlobalSection(SolutionProperties) = preSolution
		HideSolutionNode = FALSE
	EndGlobalSection
	GlobalSection(ExtensibilityGlobals) = postSolution
		SolutionGuid = {1607162A-7F88-47CE-9BAC-6FD79E47DE8D}
	EndGlobalSection
EndGlobal
